
Microsoft Visual Studio Solution File, Format Version 12.00
# Visual Studio 15
VisualStudioVersion = 15.0.27703.2026
MinimumVisualStudioVersion = 10.0.40219.1
Project("{FAE04EC0-301F-11D3-BF4B-00C04F79EFBC}") = "CSharpProj", "CSharpProj\CSharpProj.csproj", "{9F1DB2A0-7087-4F26-9213-B32D52492CDC}"
EndProject
Global
	GlobalSection(SolutionConfigurationPlatforms) = preSolution
		Debug|Any CPU = Debug|Any CPU
		Release|Any CPU = Release|Any CPU
	EndGlobalSection
	GlobalSection(ProjectConfigurationPlatforms) = postSolution
		{9F1DB2A0-7087-4F26-9213-B32D52492CDC}.Debug|Any CPU.ActiveCfg = Debug|Any CPU
		{9F1DB2A0-7087-4F26-9213-B32D52492CDC}.Debug|Any CPU.Build.0 = Debug|Any CPU
		{9F1DB2A0-7087-4F26-9213-B32D52492CDC}.Release|Any CPU.ActiveCfg = Release|Any CPU
		{9F1DB2A0-7087-4F26-9213-B32D52492CDC}.Release|Any CPU.Build.0 = Release|Any CPU
	EndGlobalSection
	GlobalSection(SolutionProperties) = preSolution
		HideSolutionNode = FALSE
	EndGlobalSection
	GlobalSection(ExtensibilityGlobals) = postSolution
		SolutionGuid = {7460D074-BBD9-4B16-900F-8A6ED34B123E}
	EndGlobalSection
EndGlobal
